
Microsoft Visual Studio Solution File, Format Version 12.00
# Visual Studio 15
VisualStudioVersion = 15.0.27703.2047
MinimumVisualStudioVersion = 10.0.40219.1
Project("{FAE04EC0-301F-11D3-BF4B-00C04F79EFBC}") = "10-ParesDe1a100", "10-ParesDe1a100\10-ParesDe1a100.csproj", "{9089B991-C5E5-484E-9C87-4BAFF3C4F001}"
EndProject
Global
	GlobalSection(SolutionConfigurationPlatforms) = preSolution
		Debug|Any CPU = Debug|Any CPU
		Release|Any CPU = Release|Any CPU
	EndGlobalSection
	GlobalSection(ProjectConfigurationPlatforms) = postSolution
		{9089B991-C5E5-484E-9C87-4BAFF3C4F001}.Debug|Any CPU.ActiveCfg = Debug|Any CPU
		{9089B991-C5E5-484E-9C87-4BAFF3C4F001}.Debug|Any CPU.Build.0 = Debug|Any CPU
		{9089B991-C5E5-484E-9C87-4BAFF3C4F001}.Release|Any CPU.ActiveCfg = Release|Any CPU
		{9089B991-C5E5-484E-9C87-4BAFF3C4F001}.Release|Any CPU.Build.0 = Release|Any CPU
	EndGlobalSection
	GlobalSection(SolutionProperties) = preSolution
		HideSolutionNode = FALSE
	EndGlobalSection
	GlobalSection(ExtensibilityGlobals) = postSolution
		SolutionGuid = {2F44B570-7369-45FF-B6C8-CAA231BCD9C9}
	EndGlobalSection
EndGlobal
